
Microsoft Visual Studio Solution File, Format Version 12.00
# Visual Studio Version 17
VisualStudioVersion = 17.0.31903.59
MinimumVisualStudioVersion = 10.0.40219.1
Project("{FAE04EC0-301F-11D3-BF4B-00C04F79EFBC}") = "ConsoleApp", "ConsoleApp\ConsoleApp.csproj", "{87B95F3D-AFCF-4BC0-9F48-148FD6A6A0BC}"
EndProject
Project("{FAE04EC0-301F-11D3-BF4B-00C04F79EFBC}") = "SearchAlg", "SearchAlg\SearchAlg.csproj", "{14449276-8911-4087-8302-DCBC1C9DABC2}"
EndProject
Project("{FAE04EC0-301F-11D3-BF4B-00C04F79EFBC}") = "SortAlg", "SortAlg\SortAlg.csproj", "{7E97130F-52A3-4CF8-A832-FE60BE36E2CE}"
EndProject
Project("{FAE04EC0-301F-11D3-BF4B-00C04F79EFBC}") = "RecursiveAlg", "RecursiveAlg\RecursiveAlg.csproj", "{9B3AC081-A475-4EE7-B15C-EB2B1FD2E9D4}"
EndProject
Global
	GlobalSection(SolutionConfigurationPlatforms) = preSolution
		Debug|Any CPU = Debug|Any CPU
		Release|Any CPU = Release|Any CPU
	EndGlobalSection
	GlobalSection(SolutionProperties) = preSolution
		HideSolutionNode = FALSE
	EndGlobalSection
	GlobalSection(ProjectConfigurationPlatforms) = postSolution
		{87B95F3D-AFCF-4BC0-9F48-148FD6A6A0BC}.Debug|Any CPU.ActiveCfg = Debug|Any CPU
		{87B95F3D-AFCF-4BC0-9F48-148FD6A6A0BC}.Debug|Any CPU.Build.0 = Debug|Any CPU
		{87B95F3D-AFCF-4BC0-9F48-148FD6A6A0BC}.Release|Any CPU.ActiveCfg = Release|Any CPU
		{87B95F3D-AFCF-4BC0-9F48-148FD6A6A0BC}.Release|Any CPU.Build.0 = Release|Any CPU
		{DA0CF372-A2FD-41B5-9B99-51302A47EC70}.Debug|Any CPU.ActiveCfg = Debug|Any CPU
		{DA0CF372-A2FD-41B5-9B99-51302A47EC70}.Debug|Any CPU.Build.0 = Debug|Any CPU
		{DA0CF372-A2FD-41B5-9B99-51302A47EC70}.Release|Any CPU.ActiveCfg = Release|Any CPU
		{DA0CF372-A2FD-41B5-9B99-51302A47EC70}.Release|Any CPU.Build.0 = Release|Any CPU
		{14449276-8911-4087-8302-DCBC1C9DABC2}.Debug|Any CPU.ActiveCfg = Debug|Any CPU
		{14449276-8911-4087-8302-DCBC1C9DABC2}.Debug|Any CPU.Build.0 = Debug|Any CPU
		{14449276-8911-4087-8302-DCBC1C9DABC2}.Release|Any CPU.ActiveCfg = Release|Any CPU
		{14449276-8911-4087-8302-DCBC1C9DABC2}.Release|Any CPU.Build.0 = Release|Any CPU
		{7E97130F-52A3-4CF8-A832-FE60BE36E2CE}.Debug|Any CPU.ActiveCfg = Debug|Any CPU
		{7E97130F-52A3-4CF8-A832-FE60BE36E2CE}.Debug|Any CPU.Build.0 = Debug|Any CPU
		{7E97130F-52A3-4CF8-A832-FE60BE36E2CE}.Release|Any CPU.ActiveCfg = Release|Any CPU
		{7E97130F-52A3-4CF8-A832-FE60BE36E2CE}.Release|Any CPU.Build.0 = Release|Any CPU
		{9B3AC081-A475-4EE7-B15C-EB2B1FD2E9D4}.Debug|Any CPU.ActiveCfg = Debug|Any CPU
		{9B3AC081-A475-4EE7-B15C-EB2B1FD2E9D4}.Debug|Any CPU.Build.0 = Debug|Any CPU
		{9B3AC081-A475-4EE7-B15C-EB2B1FD2E9D4}.Release|Any CPU.ActiveCfg = Release|Any CPU
		{9B3AC081-A475-4EE7-B15C-EB2B1FD2E9D4}.Release|Any CPU.Build.0 = Release|Any CPU
	EndGlobalSection
EndGlobal
